
Microsoft Visual Studio Solution File, Format Version 12.00
# Visual Studio 14
VisualStudioVersion = 14.0.23107.0
MinimumVisualStudioVersion = 10.0.40219.1
Project("{FAE04EC0-301F-11D3-BF4B-00C04F79EFBC}") = "01.PlayWithTrees", "01.PlayWithTrees\01.PlayWithTrees.csproj", "{BB919AD7-3E7C-447D-988A-3C96A3B82918}"
EndProject
Project("{FAE04EC0-301F-11D3-BF4B-00C04F79EFBC}") = "02.DirTraversal", "02.DirTraversal\02.DirTraversal.csproj", "{1C4B6D3F-B839-470E-9970-406036B88880}"
EndProject
Project("{FAE04EC0-301F-11D3-BF4B-00C04F79EFBC}") = "03.Calculator", "03.Calculator\03.Calculator.csproj", "{1E91CD16-0BB8-46C1-96A8-DAD2825D8BD4}"
EndProject
Global
	GlobalSection(SolutionConfigurationPlatforms) = preSolution
		Debug|Any CPU = Debug|Any CPU
		Release|Any CPU = Release|Any CPU
	EndGlobalSection
	GlobalSection(ProjectConfigurationPlatforms) = postSolution
		{BB919AD7-3E7C-447D-988A-3C96A3B82918}.Debug|Any CPU.ActiveCfg = Debug|Any CPU
		{BB919AD7-3E7C-447D-988A-3C96A3B82918}.Debug|Any CPU.Build.0 = Debug|Any CPU
		{BB919AD7-3E7C-447D-988A-3C96A3B82918}.Release|Any CPU.ActiveCfg = Release|Any CPU
		{BB919AD7-3E7C-447D-988A-3C96A3B82918}.Release|Any CPU.Build.0 = Release|Any CPU
		{1C4B6D3F-B839-470E-9970-406036B88880}.Debug|Any CPU.ActiveCfg = Debug|Any CPU
		{1C4B6D3F-B839-470E-9970-406036B88880}.Debug|Any CPU.Build.0 = Debug|Any CPU
		{1C4B6D3F-B839-470E-9970-406036B88880}.Release|Any CPU.ActiveCfg = Release|Any CPU
		{1C4B6D3F-B839-470E-9970-406036B88880}.Release|Any CPU.Build.0 = Release|Any CPU
		{1E91CD16-0BB8-46C1-96A8-DAD2825D8BD4}.Debug|Any CPU.ActiveCfg = Debug|Any CPU
		{1E91CD16-0BB8-46C1-96A8-DAD2825D8BD4}.Debug|Any CPU.Build.0 = Debug|Any CPU
		{1E91CD16-0BB8-46C1-96A8-DAD2825D8BD4}.Release|Any CPU.ActiveCfg = Release|Any CPU
		{1E91CD16-0BB8-46C1-96A8-DAD2825D8BD4}.Release|Any CPU.Build.0 = Release|Any CPU
	EndGlobalSection
	GlobalSection(SolutionProperties) = preSolution
		HideSolutionNode = FALSE
	EndGlobalSection
EndGlobal
