
Microsoft Visual Studio Solution File, Format Version 12.00
# Visual Studio 14
VisualStudioVersion = 14.0.23107.0
MinimumVisualStudioVersion = 10.0.40219.1
Project("{FAE04EC0-301F-11D3-BF4B-00C04F79EFBC}") = "01.FindTheRoot", "05.TreeAndGraphTraversal\01.FindTheRoot.csproj", "{D3312144-450B-47FB-968B-06D7A5812A3F}"
EndProject
Project("{FAE04EC0-301F-11D3-BF4B-00C04F79EFBC}") = "02.RoundDance", "02.RoundDance\02.RoundDance.csproj", "{B97F4AFB-5CF6-4659-B539-78721609B5AB}"
EndProject
Project("{FAE04EC0-301F-11D3-BF4B-00C04F79EFBC}") = "03.RideTheHorse", "03.RideTheHorse\03.RideTheHorse.csproj", "{955A7F60-2F28-4702-BE8A-E2FB654F3086}"
EndProject
Project("{FAE04EC0-301F-11D3-BF4B-00C04F79EFBC}") = "04.LongestPathInATree", "04.LongestPathInATree\04.LongestPathInATree.csproj", "{CC4077B6-1DD0-41B5-B757-A098EAF3B200}"
EndProject
Global
	GlobalSection(SolutionConfigurationPlatforms) = preSolution
		Debug|Any CPU = Debug|Any CPU
		Release|Any CPU = Release|Any CPU
	EndGlobalSection
	GlobalSection(ProjectConfigurationPlatforms) = postSolution
		{D3312144-450B-47FB-968B-06D7A5812A3F}.Debug|Any CPU.ActiveCfg = Debug|Any CPU
		{D3312144-450B-47FB-968B-06D7A5812A3F}.Debug|Any CPU.Build.0 = Debug|Any CPU
		{D3312144-450B-47FB-968B-06D7A5812A3F}.Release|Any CPU.ActiveCfg = Release|Any CPU
		{D3312144-450B-47FB-968B-06D7A5812A3F}.Release|Any CPU.Build.0 = Release|Any CPU
		{B97F4AFB-5CF6-4659-B539-78721609B5AB}.Debug|Any CPU.ActiveCfg = Debug|Any CPU
		{B97F4AFB-5CF6-4659-B539-78721609B5AB}.Debug|Any CPU.Build.0 = Debug|Any CPU
		{B97F4AFB-5CF6-4659-B539-78721609B5AB}.Release|Any CPU.ActiveCfg = Release|Any CPU
		{B97F4AFB-5CF6-4659-B539-78721609B5AB}.Release|Any CPU.Build.0 = Release|Any CPU
		{955A7F60-2F28-4702-BE8A-E2FB654F3086}.Debug|Any CPU.ActiveCfg = Debug|Any CPU
		{955A7F60-2F28-4702-BE8A-E2FB654F3086}.Debug|Any CPU.Build.0 = Debug|Any CPU
		{955A7F60-2F28-4702-BE8A-E2FB654F3086}.Release|Any CPU.ActiveCfg = Release|Any CPU
		{955A7F60-2F28-4702-BE8A-E2FB654F3086}.Release|Any CPU.Build.0 = Release|Any CPU
		{CC4077B6-1DD0-41B5-B757-A098EAF3B200}.Debug|Any CPU.ActiveCfg = Debug|Any CPU
		{CC4077B6-1DD0-41B5-B757-A098EAF3B200}.Debug|Any CPU.Build.0 = Debug|Any CPU
		{CC4077B6-1DD0-41B5-B757-A098EAF3B200}.Release|Any CPU.ActiveCfg = Release|Any CPU
		{CC4077B6-1DD0-41B5-B757-A098EAF3B200}.Release|Any CPU.Build.0 = Release|Any CPU
	EndGlobalSection
	GlobalSection(SolutionProperties) = preSolution
		HideSolutionNode = FALSE
	EndGlobalSection
EndGlobal
