
Microsoft Visual Studio Solution File, Format Version 12.00
# Visual Studio 2013
VisualStudioVersion = 12.0.31101.0
MinimumVisualStudioVersion = 10.0.40219.1
Project("{FAE04EC0-301F-11D3-BF4B-00C04F79EFBC}") = "DictionaryDataStructure", "DictionaryDataStructure\DictionaryDataStructure.csproj", "{86676796-B230-4FC7-8B04-DEB9A1EF94AB}"
EndProject
Project("{FAE04EC0-301F-11D3-BF4B-00C04F79EFBC}") = "DictionaryDataStructure.Tests", "DictionaryDataStructure.Tests\DictionaryDataStructure.Tests.csproj", "{ADAACFA2-88A8-4F13-A335-8DB6339497A7}"
EndProject
Project("{FAE04EC0-301F-11D3-BF4B-00C04F79EFBC}") = "02.CountSymbols", "02.CountSymbols\02.CountSymbols.csproj", "{39615BE1-B677-4DE1-B4ED-FC6EDD02B255}"
EndProject
Project("{FAE04EC0-301F-11D3-BF4B-00C04F79EFBC}") = "03.Phonebook", "03.Phonebook\03.Phonebook.csproj", "{1372EAE7-D3A6-4AED-8385-68CBB855897E}"
EndProject
Global
	GlobalSection(SolutionConfigurationPlatforms) = preSolution
		Debug|Any CPU = Debug|Any CPU
		Release|Any CPU = Release|Any CPU
	EndGlobalSection
	GlobalSection(ProjectConfigurationPlatforms) = postSolution
		{86676796-B230-4FC7-8B04-DEB9A1EF94AB}.Debug|Any CPU.ActiveCfg = Debug|Any CPU
		{86676796-B230-4FC7-8B04-DEB9A1EF94AB}.Debug|Any CPU.Build.0 = Debug|Any CPU
		{86676796-B230-4FC7-8B04-DEB9A1EF94AB}.Release|Any CPU.ActiveCfg = Release|Any CPU
		{86676796-B230-4FC7-8B04-DEB9A1EF94AB}.Release|Any CPU.Build.0 = Release|Any CPU
		{ADAACFA2-88A8-4F13-A335-8DB6339497A7}.Debug|Any CPU.ActiveCfg = Debug|Any CPU
		{ADAACFA2-88A8-4F13-A335-8DB6339497A7}.Debug|Any CPU.Build.0 = Debug|Any CPU
		{ADAACFA2-88A8-4F13-A335-8DB6339497A7}.Release|Any CPU.ActiveCfg = Release|Any CPU
		{ADAACFA2-88A8-4F13-A335-8DB6339497A7}.Release|Any CPU.Build.0 = Release|Any CPU
		{39615BE1-B677-4DE1-B4ED-FC6EDD02B255}.Debug|Any CPU.ActiveCfg = Debug|Any CPU
		{39615BE1-B677-4DE1-B4ED-FC6EDD02B255}.Debug|Any CPU.Build.0 = Debug|Any CPU
		{39615BE1-B677-4DE1-B4ED-FC6EDD02B255}.Release|Any CPU.ActiveCfg = Release|Any CPU
		{39615BE1-B677-4DE1-B4ED-FC6EDD02B255}.Release|Any CPU.Build.0 = Release|Any CPU
		{1372EAE7-D3A6-4AED-8385-68CBB855897E}.Debug|Any CPU.ActiveCfg = Debug|Any CPU
		{1372EAE7-D3A6-4AED-8385-68CBB855897E}.Debug|Any CPU.Build.0 = Debug|Any CPU
		{1372EAE7-D3A6-4AED-8385-68CBB855897E}.Release|Any CPU.ActiveCfg = Release|Any CPU
		{1372EAE7-D3A6-4AED-8385-68CBB855897E}.Release|Any CPU.Build.0 = Release|Any CPU
	EndGlobalSection
	GlobalSection(SolutionProperties) = preSolution
		HideSolutionNode = FALSE
	EndGlobalSection
EndGlobal
